
Microsoft Visual Studio Solution File, Format Version 12.00
# Visual Studio Version 16
VisualStudioVersion = 16.0.31613.86
MinimumVisualStudioVersion = 10.0.40219.1
Project("{FAE04EC0-301F-11D3-BF4B-00C04F79EFBC}") = "Learning_CSharp", "Learning_CSharp.csproj", "{04B58B8F-4021-4C82-ACA3-445902500AA0}"
EndProject
Project("{FAE04EC0-301F-11D3-BF4B-00C04F79EFBC}") = "LeetCodeTraining", "..\LeetCodeTraining\LeetCodeTraining.csproj", "{4249F9D1-DE39-4F43-973D-01977498E396}"
EndProject
Global
	GlobalSection(SolutionConfigurationPlatforms) = preSolution
		Debug|Any CPU = Debug|Any CPU
		Release|Any CPU = Release|Any CPU
	EndGlobalSection
	GlobalSection(ProjectConfigurationPlatforms) = postSolution
		{04B58B8F-4021-4C82-ACA3-445902500AA0}.Debug|Any CPU.ActiveCfg = Debug|Any CPU
		{04B58B8F-4021-4C82-ACA3-445902500AA0}.Debug|Any CPU.Build.0 = Debug|Any CPU
		{04B58B8F-4021-4C82-ACA3-445902500AA0}.Release|Any CPU.ActiveCfg = Release|Any CPU
		{04B58B8F-4021-4C82-ACA3-445902500AA0}.Release|Any CPU.Build.0 = Release|Any CPU
		{4249F9D1-DE39-4F43-973D-01977498E396}.Debug|Any CPU.ActiveCfg = Debug|Any CPU
		{4249F9D1-DE39-4F43-973D-01977498E396}.Debug|Any CPU.Build.0 = Debug|Any CPU
		{4249F9D1-DE39-4F43-973D-01977498E396}.Release|Any CPU.ActiveCfg = Release|Any CPU
		{4249F9D1-DE39-4F43-973D-01977498E396}.Release|Any CPU.Build.0 = Release|Any CPU
	EndGlobalSection
	GlobalSection(SolutionProperties) = preSolution
		HideSolutionNode = FALSE
	EndGlobalSection
	GlobalSection(ExtensibilityGlobals) = postSolution
		SolutionGuid = {7138DA18-5D7C-456A-8646-3240095048A5}
	EndGlobalSection
EndGlobal
