
Microsoft Visual Studio Solution File, Format Version 12.00
# Visual Studio Version 16
VisualStudioVersion = 16.0.31613.86
MinimumVisualStudioVersion = 10.0.40219.1
Project("{FAE04EC0-301F-11D3-BF4B-00C04F79EFBC}") = "Learning_CSharp", "Learning_CSharp.csproj", "{04B58B8F-4021-4C82-ACA3-445902500AA0}"
EndProject
Project("{FAE04EC0-301F-11D3-BF4B-00C04F79EFBC}") = "LeetCodeTraining", "..\LeetCodeTraining\LeetCodeTraining.csproj", "{4249F9D1-DE39-4F43-973D-01977498E396}"
EndProject
Project("{FAE04EC0-301F-11D3-BF4B-00C04F79EFBC}") = "EventDemo", "..\EventDemo\EventDemo.csproj", "{8DD127EC-6264-46DC-BA6C-B318AC61F827}"
EndProject
Project("{FAE04EC0-301F-11D3-BF4B-00C04F79EFBC}") = "DelegateAndEvent", "..\DelegateAndEvent\DelegateAndEvent.csproj", "{7F1A0984-0625-4B97-830B-CC49611F40D4}"
EndProject
Project("{FAE04EC0-301F-11D3-BF4B-00C04F79EFBC}") = "GenericDemo", "..\GenericDemo\GenericDemo.csproj", "{18AB7C56-A509-45F6-B9B7-0C5359D0A237}"
EndProject
Project("{FAE04EC0-301F-11D3-BF4B-00C04F79EFBC}") = "GenericDemo_2", "..\GenericDemo_2\GenericDemo_2.csproj", "{DDCCEF3E-60E6-4906-AC12-FDD18A80AA86}"
EndProject
Project("{FAE04EC0-301F-11D3-BF4B-00C04F79EFBC}") = "ThreadDemo", "..\ThreadDemo\ThreadDemo.csproj", "{4F83B4B6-F41B-4E25-9057-CAB0311C005F}"
EndProject
Global
	GlobalSection(SolutionConfigurationPlatforms) = preSolution
		Debug|Any CPU = Debug|Any CPU
		Release|Any CPU = Release|Any CPU
	EndGlobalSection
	GlobalSection(ProjectConfigurationPlatforms) = postSolution
		{04B58B8F-4021-4C82-ACA3-445902500AA0}.Debug|Any CPU.ActiveCfg = Debug|Any CPU
		{04B58B8F-4021-4C82-ACA3-445902500AA0}.Debug|Any CPU.Build.0 = Debug|Any CPU
		{04B58B8F-4021-4C82-ACA3-445902500AA0}.Release|Any CPU.ActiveCfg = Release|Any CPU
		{04B58B8F-4021-4C82-ACA3-445902500AA0}.Release|Any CPU.Build.0 = Release|Any CPU
		{4249F9D1-DE39-4F43-973D-01977498E396}.Debug|Any CPU.ActiveCfg = Debug|Any CPU
		{4249F9D1-DE39-4F43-973D-01977498E396}.Debug|Any CPU.Build.0 = Debug|Any CPU
		{4249F9D1-DE39-4F43-973D-01977498E396}.Release|Any CPU.ActiveCfg = Release|Any CPU
		{4249F9D1-DE39-4F43-973D-01977498E396}.Release|Any CPU.Build.0 = Release|Any CPU
		{8DD127EC-6264-46DC-BA6C-B318AC61F827}.Debug|Any CPU.ActiveCfg = Debug|Any CPU
		{8DD127EC-6264-46DC-BA6C-B318AC61F827}.Debug|Any CPU.Build.0 = Debug|Any CPU
		{8DD127EC-6264-46DC-BA6C-B318AC61F827}.Release|Any CPU.ActiveCfg = Release|Any CPU
		{8DD127EC-6264-46DC-BA6C-B318AC61F827}.Release|Any CPU.Build.0 = Release|Any CPU
		{7F1A0984-0625-4B97-830B-CC49611F40D4}.Debug|Any CPU.ActiveCfg = Debug|Any CPU
		{7F1A0984-0625-4B97-830B-CC49611F40D4}.Debug|Any CPU.Build.0 = Debug|Any CPU
		{7F1A0984-0625-4B97-830B-CC49611F40D4}.Release|Any CPU.ActiveCfg = Release|Any CPU
		{7F1A0984-0625-4B97-830B-CC49611F40D4}.Release|Any CPU.Build.0 = Release|Any CPU
		{18AB7C56-A509-45F6-B9B7-0C5359D0A237}.Debug|Any CPU.ActiveCfg = Debug|Any CPU
		{18AB7C56-A509-45F6-B9B7-0C5359D0A237}.Debug|Any CPU.Build.0 = Debug|Any CPU
		{18AB7C56-A509-45F6-B9B7-0C5359D0A237}.Release|Any CPU.ActiveCfg = Release|Any CPU
		{18AB7C56-A509-45F6-B9B7-0C5359D0A237}.Release|Any CPU.Build.0 = Release|Any CPU
		{DDCCEF3E-60E6-4906-AC12-FDD18A80AA86}.Debug|Any CPU.ActiveCfg = Debug|Any CPU
		{DDCCEF3E-60E6-4906-AC12-FDD18A80AA86}.Debug|Any CPU.Build.0 = Debug|Any CPU
		{DDCCEF3E-60E6-4906-AC12-FDD18A80AA86}.Release|Any CPU.ActiveCfg = Release|Any CPU
		{DDCCEF3E-60E6-4906-AC12-FDD18A80AA86}.Release|Any CPU.Build.0 = Release|Any CPU
		{4F83B4B6-F41B-4E25-9057-CAB0311C005F}.Debug|Any CPU.ActiveCfg = Debug|Any CPU
		{4F83B4B6-F41B-4E25-9057-CAB0311C005F}.Debug|Any CPU.Build.0 = Debug|Any CPU
		{4F83B4B6-F41B-4E25-9057-CAB0311C005F}.Release|Any CPU.ActiveCfg = Release|Any CPU
		{4F83B4B6-F41B-4E25-9057-CAB0311C005F}.Release|Any CPU.Build.0 = Release|Any CPU
	EndGlobalSection
	GlobalSection(SolutionProperties) = preSolution
		HideSolutionNode = FALSE
	EndGlobalSection
	GlobalSection(ExtensibilityGlobals) = postSolution
		SolutionGuid = {7138DA18-5D7C-456A-8646-3240095048A5}
	EndGlobalSection
EndGlobal
